{
    "name": "@yamipa/automata",
    "lockfileVersion": 3,
    "requires": true,
    "packages": {
        "": {
            "name": "@yamipa/automata",
            "dependencies": {
                "mineflayer": "^4.33.0",
                "rcon-client": "^4.2.5"
            }
        },
        "node_modules/@azure/msal-common": {
            "version": "14.16.1",
            "resolved": "https://registry.npmjs.org/@azure/msal-common/-/msal-common-14.16.1.tgz",
            "integrity": "sha512-nyxsA6NA4SVKh5YyRpbSXiMr7oQbwark7JU9LMeg6tJYTSPyAGkdx61wPT4gyxZfxlSxMMEyAsWaubBlNyIa1w==",
            "license": "MIT",
            "engines": {
                "node": ">=0.8.0"
            }
        },
        "node_modules/@azure/msal-node": {
            "version": "2.16.3",
            "resolved": "https://registry.npmjs.org/@azure/msal-node/-/msal-node-2.16.3.tgz",
            "integrity": "sha512-CO+SE4weOsfJf+C5LM8argzvotrXw252/ZU6SM2Tz63fEblhH1uuVaaO4ISYFuN4Q6BhTo7I3qIdi8ydUQCqhw==",
            "license": "MIT",
            "dependencies": {
                "@azure/msal-common": "14.16.1",
                "jsonwebtoken": "^9.0.0",
                "uuid": "^8.3.0"
            },
            "engines": {
                "node": ">=16"
            }
        },
        "node_modules/@types/node": {
            "version": "24.10.0",
            "resolved": "https://registry.npmjs.org/@types/node/-/node-24.10.0.tgz",
            "integrity": "sha512-qzQZRBqkFsYyaSWXuEHc2WR9c0a0CXwiE5FWUvn7ZM+vdy1uZLfCunD38UzhuB7YN/J11ndbDBcTmOdxJo9Q7A==",
            "license": "MIT",
            "dependencies": {
                "undici-types": "~7.16.0"
            }
        },
        "node_modules/@types/node-rsa": {
            "version": "1.1.4",
            "resolved": "https://registry.npmjs.org/@types/node-rsa/-/node-rsa-1.1.4.tgz",
            "integrity": "sha512-dB0ECel6JpMnq5ULvpUTunx3yNm8e/dIkv8Zu9p2c8me70xIRUUG3q+qXRwcSf9rN3oqamv4116iHy90dJGRpA==",
            "license": "MIT",
            "dependencies": {
                "@types/node": "*"
            }
        },
        "node_modules/@types/readable-stream": {
            "version": "4.0.22",
            "resolved": "https://registry.npmjs.org/@types/readable-stream/-/readable-stream-4.0.22.tgz",
            "integrity": "sha512-/FFhJpfCLAPwAcN3mFycNUa77ddnr8jTgF5VmSNetaemWB2cIlfCA9t0YTM3JAT0wOcv8D4tjPo7pkDhK3EJIg==",
            "license": "MIT",
            "dependencies": {
                "@types/node": "*"
            }
        },
        "node_modules/@xboxreplay/errors": {
            "version": "0.1.0",
            "resolved": "https://registry.npmjs.org/@xboxreplay/errors/-/errors-0.1.0.tgz",
            "integrity": "sha512-Tgz1d/OIPDWPeyOvuL5+aai5VCcqObhPnlI3skQuf80GVF3k1I0lPCnGC+8Cm5PV9aLBT5m8qPcJoIUQ2U4y9g==",
            "license": "MIT"
        },
        "node_modules/@xboxreplay/xboxlive-auth": {
            "version": "3.3.3",
            "resolved": "https://registry.npmjs.org/@xboxreplay/xboxlive-auth/-/xboxlive-auth-3.3.3.tgz",
            "integrity": "sha512-j0AU8pW10LM8O68CTZ5QHnvOjSsnPICy0oQcP7zyM7eWkDQ/InkiQiirQKsPn1XRYDl4ccNu0WM582s3UKwcBg==",
            "license": "MIT",
            "dependencies": {
                "@xboxreplay/errors": "^0.1.0",
                "axios": "^0.21.1"
            }
        },
        "node_modules/abort-controller": {
            "version": "3.0.0",
            "resolved": "https://registry.npmjs.org/abort-controller/-/abort-controller-3.0.0.tgz",
            "integrity": "sha512-h8lQ8tacZYnR3vNQTgibj+tODHI5/+l06Au2Pcriv/Gmet0eaj4TwWH41sO9wnHDiQsEj19q0drzdWdeAHtweg==",
            "license": "MIT",
            "dependencies": {
                "event-target-shim": "^5.0.0"
            },
            "engines": {
                "node": ">=6.5"
            }
        },
        "node_modules/aes-js": {
            "version": "3.1.2",
            "resolved": "https://registry.npmjs.org/aes-js/-/aes-js-3.1.2.tgz",
            "integrity": "sha512-e5pEa2kBnBOgR4Y/p20pskXI74UEz7de8ZGVo58asOtvSVG5YAbJeELPZxOmt+Bnz3rX753YKhfIn4X4l1PPRQ==",
            "license": "MIT"
        },
        "node_modules/ajv": {
            "version": "6.12.6",
            "resolved": "https://registry.npmjs.org/ajv/-/ajv-6.12.6.tgz",
            "integrity": "sha512-j3fVLgvTo527anyYyJOGTYJbG+vnnQYvE0m5mmkc1TK+nxAppkCLMIL0aZ4dblVCNoGShhm+kzE4ZUykBoMg4g==",
            "license": "MIT",
            "dependencies": {
                "fast-deep-equal": "^3.1.1",
                "fast-json-stable-stringify": "^2.0.0",
                "json-schema-traverse": "^0.4.1",
                "uri-js": "^4.2.2"
            },
            "funding": {
                "type": "github",
                "url": "https://github.com/sponsors/epoberezkin"
            }
        },
        "node_modules/asn1": {
            "version": "0.2.3",
            "resolved": "https://registry.npmjs.org/asn1/-/asn1-0.2.3.tgz",
            "integrity": "sha512-6i37w/+EhlWlGUJff3T/Q8u1RGmP5wgbiwYnOnbOqvtrPxT63/sYFyP9RcpxtxGymtfA075IvmOnL7ycNOWl3w==",
            "license": "MIT"
        },
        "node_modules/axios": {
            "version": "0.21.4",
            "resolved": "https://registry.npmjs.org/axios/-/axios-0.21.4.tgz",
            "integrity": "sha512-ut5vewkiu8jjGBdqpM44XxjuCjq9LAKeHVmoVfHVzy8eHgxxq8SbAVQNovDA8mVi05kP0Ea/n/UzcSHcTJQfNg==",
            "license": "MIT",
            "dependencies": {
                "follow-redirects": "^1.14.0"
            }
        },
        "node_modules/base64-js": {
            "version": "1.5.1",
            "resolved": "https://registry.npmjs.org/base64-js/-/base64-js-1.5.1.tgz",
            "integrity": "sha512-AKpaYlHn8t4SVbOHCy+b5+KKgvR4vrsD8vbvrbiQJps7fKDTkjkDry6ji0rUJjC0kzbNePLwzxq8iypo41qeWA==",
            "funding": [
                {
                    "type": "github",
                    "url": "https://github.com/sponsors/feross"
                },
                {
                    "type": "patreon",
                    "url": "https://www.patreon.com/feross"
                },
                {
                    "type": "consulting",
                    "url": "https://feross.org/support"
                }
            ],
            "license": "MIT"
        },
        "node_modules/buffer": {
            "version": "6.0.3",
            "resolved": "https://registry.npmjs.org/buffer/-/buffer-6.0.3.tgz",
            "integrity": "sha512-FTiCpNxtwiZZHEZbcbTIcZjERVICn9yq/pDFkTl95/AxzD1naBctN7YO68riM/gLSDY7sdrMby8hofADYuuqOA==",
            "funding": [
                {
                    "type": "github",
                    "url": "https://github.com/sponsors/feross"
                },
                {
                    "type": "patreon",
                    "url": "https://www.patreon.com/feross"
                },
                {
                    "type": "consulting",
                    "url": "https://feross.org/support"
                }
            ],
            "license": "MIT",
            "dependencies": {
                "base64-js": "^1.3.1",
                "ieee754": "^1.2.1"
            }
        },
        "node_modules/buffer-equal": {
            "version": "1.0.1",
            "resolved": "https://registry.npmjs.org/buffer-equal/-/buffer-equal-1.0.1.tgz",
            "integrity": "sha512-QoV3ptgEaQpvVwbXdSO39iqPQTCxSF7A5U99AxbHYqUdCizL/lH2Z0A2y6nbZucxMEOtNyZfG2s6gsVugGpKkg==",
            "license": "MIT",
            "engines": {
                "node": ">=0.4"
            },
            "funding": {
                "url": "https://github.com/sponsors/ljharb"
            }
        },
        "node_modules/buffer-equal-constant-time": {
            "version": "1.0.1",
            "resolved": "https://registry.npmjs.org/buffer-equal-constant-time/-/buffer-equal-constant-time-1.0.1.tgz",
            "integrity": "sha512-zRpUiDwd/xk6ADqPMATG8vc9VPrkck7T07OIx0gnjmJAnHnTVXNQG3vfvWNuiZIkwu9KrKdA1iJKfsfTVxE6NA==",
            "license": "BSD-3-Clause"
        },
        "node_modules/commander": {
            "version": "2.20.3",
            "resolved": "https://registry.npmjs.org/commander/-/commander-2.20.3.tgz",
            "integrity": "sha512-GpVkmM8vF2vQUkj2LvZmD35JxeJOLCwJ9cUkugyk2nuhbv3+mJvpLYYt+0+USMxE+oj+ey/lJEnhZw75x/OMcQ==",
            "license": "MIT"
        },
        "node_modules/debug": {
            "version": "4.4.3",
            "resolved": "https://registry.npmjs.org/debug/-/debug-4.4.3.tgz",
            "integrity": "sha512-RGwwWnwQvkVfavKVt22FGLw+xYSdzARwm0ru6DhTVA3umU5hZc28V3kO4stgYryrTlLpuvgI9GiijltAjNbcqA==",
            "license": "MIT",
            "dependencies": {
                "ms": "^2.1.3"
            },
            "engines": {
                "node": ">=6.0"
            },
            "peerDependenciesMeta": {
                "supports-color": {
                    "optional": true
                }
            }
        },
        "node_modules/discontinuous-range": {
            "version": "1.0.0",
            "resolved": "https://registry.npmjs.org/discontinuous-range/-/discontinuous-range-1.0.0.tgz",
            "integrity": "sha512-c68LpLbO+7kP/b1Hr1qs8/BJ09F5khZGTxqxZuhzxpmwJKOgRFHJWIb9/KmqnqHhLdO55aOxFH/EGBvUQbL/RQ==",
            "license": "MIT"
        },
        "node_modules/ecdsa-sig-formatter": {
            "version": "1.0.11",
            "resolved": "https://registry.npmjs.org/ecdsa-sig-formatter/-/ecdsa-sig-formatter-1.0.11.tgz",
            "integrity": "sha512-nagl3RYrbNv6kQkeJIpt6NJZy8twLB/2vtz6yN9Z4vRKHN4/QZJIEbqohALSgwKdnksuY3k5Addp5lg8sVoVcQ==",
            "license": "Apache-2.0",
            "dependencies": {
                "safe-buffer": "^5.0.1"
            }
        },
        "node_modules/endian-toggle": {
            "version": "0.0.0",
            "resolved": "https://registry.npmjs.org/endian-toggle/-/endian-toggle-0.0.0.tgz",
            "integrity": "sha512-ShfqhXeHRE4TmggSlHXG8CMGIcsOsqDw/GcoPcosToE59Rm9e4aXaMhEQf2kPBsBRrKem1bbOAv5gOKnkliMFQ==",
            "license": "MIT"
        },
        "node_modules/event-target-shim": {
            "version": "5.0.1",
            "resolved": "https://registry.npmjs.org/event-target-shim/-/event-target-shim-5.0.1.tgz",
            "integrity": "sha512-i/2XbnSz/uxRCU6+NdVJgKWDTM427+MqYbkQzD321DuCQJUqOuJKIA0IM2+W2xtYHdKOmZ4dR6fExsd4SXL+WQ==",
            "license": "MIT",
            "engines": {
                "node": ">=6"
            }
        },
        "node_modules/events": {
            "version": "3.3.0",
            "resolved": "https://registry.npmjs.org/events/-/events-3.3.0.tgz",
            "integrity": "sha512-mQw+2fkQbALzQ7V0MY0IqdnXNOeTtP4r0lN9z7AAawCXgqea7bDii20AYrIBrFd/Hx0M2Ocz6S111CaFkUcb0Q==",
            "license": "MIT",
            "engines": {
                "node": ">=0.8.x"
            }
        },
        "node_modules/fast-deep-equal": {
            "version": "3.1.3",
            "resolved": "https://registry.npmjs.org/fast-deep-equal/-/fast-deep-equal-3.1.3.tgz",
            "integrity": "sha512-f3qQ9oQy9j2AhBe/H9VC91wLmKBCCU/gDOnKNAYG5hswO7BLKj09Hc5HYNz9cGI++xlpDCIgDaitVs03ATR84Q==",
            "license": "MIT"
        },
        "node_modules/fast-json-stable-stringify": {
            "version": "2.1.0",
            "resolved": "https://registry.npmjs.org/fast-json-stable-stringify/-/fast-json-stable-stringify-2.1.0.tgz",
            "integrity": "sha512-lhd/wF+Lk98HZoTCtlVraHtfh5XYijIjalXck7saUtuanSDyLMxnHhSXEDJqHxD7msR8D0uCmqlkwjCV8xvwHw==",
            "license": "MIT"
        },
        "node_modules/follow-redirects": {
            "version": "1.15.11",
            "resolved": "https://registry.npmjs.org/follow-redirects/-/follow-redirects-1.15.11.tgz",
            "integrity": "sha512-deG2P0JfjrTxl50XGCDyfI97ZGVCxIpfKYmfyrQ54n5FO/0gfIES8C/Psl6kWVDolizcaaxZJnTS0QSMxvnsBQ==",
            "funding": [
                {
                    "type": "individual",
                    "url": "https://github.com/sponsors/RubenVerborgh"
                }
            ],
            "license": "MIT",
            "engines": {
                "node": ">=4.0"
            },
            "peerDependenciesMeta": {
                "debug": {
                    "optional": true
                }
            }
        },
        "node_modules/ieee754": {
            "version": "1.2.1",
            "resolved": "https://registry.npmjs.org/ieee754/-/ieee754-1.2.1.tgz",
            "integrity": "sha512-dcyqhDvX1C46lXZcVqCpK+FtMRQVdIMN6/Df5js2zouUsqG7I6sFxitIC+7KYK29KdXOLHdu9zL4sFnoVQnqaA==",
            "funding": [
                {
                    "type": "github",
                    "url": "https://github.com/sponsors/feross"
                },
                {
                    "type": "patreon",
                    "url": "https://www.patreon.com/feross"
                },
                {
                    "type": "consulting",
                    "url": "https://feross.org/support"
                }
            ],
            "license": "BSD-3-Clause"
        },
        "node_modules/json-schema-traverse": {
            "version": "0.4.1",
            "resolved": "https://registry.npmjs.org/json-schema-traverse/-/json-schema-traverse-0.4.1.tgz",
            "integrity": "sha512-xbbCH5dCYU5T8LcEhhuh7HJ88HXuW3qsI3Y0zOZFKfZEHcpWiHU/Jxzk629Brsab/mMiHQti9wMP+845RPe3Vg==",
            "license": "MIT"
        },
        "node_modules/jsonwebtoken": {
            "version": "9.0.2",
            "resolved": "https://registry.npmjs.org/jsonwebtoken/-/jsonwebtoken-9.0.2.tgz",
            "integrity": "sha512-PRp66vJ865SSqOlgqS8hujT5U4AOgMfhrwYIuIhfKaoSCZcirrmASQr8CX7cUg+RMih+hgznrjp99o+W4pJLHQ==",
            "license": "MIT",
            "dependencies": {
                "jws": "^3.2.2",
                "lodash.includes": "^4.3.0",
                "lodash.isboolean": "^3.0.3",
                "lodash.isinteger": "^4.0.4",
                "lodash.isnumber": "^3.0.3",
                "lodash.isplainobject": "^4.0.6",
                "lodash.isstring": "^4.0.1",
                "lodash.once": "^4.0.0",
                "ms": "^2.1.1",
                "semver": "^7.5.4"
            },
            "engines": {
                "node": ">=12",
                "npm": ">=6"
            }
        },
        "node_modules/jwa": {
            "version": "1.4.2",
            "resolved": "https://registry.npmjs.org/jwa/-/jwa-1.4.2.tgz",
            "integrity": "sha512-eeH5JO+21J78qMvTIDdBXidBd6nG2kZjg5Ohz/1fpa28Z4CcsWUzJ1ZZyFq/3z3N17aZy+ZuBoHljASbL1WfOw==",
            "license": "MIT",
            "dependencies": {
                "buffer-equal-constant-time": "^1.0.1",
                "ecdsa-sig-formatter": "1.0.11",
                "safe-buffer": "^5.0.1"
            }
        },
        "node_modules/jws": {
            "version": "3.2.2",
            "resolved": "https://registry.npmjs.org/jws/-/jws-3.2.2.tgz",
            "integrity": "sha512-YHlZCB6lMTllWDtSPHz/ZXTsi8S00usEV6v1tjq8tOUZzw7DpSDWVXjXDre6ed1w/pd495ODpHZYSdkRTsa0HA==",
            "license": "MIT",
            "dependencies": {
                "jwa": "^1.4.1",
                "safe-buffer": "^5.0.1"
            }
        },
        "node_modules/lodash.includes": {
            "version": "4.3.0",
            "resolved": "https://registry.npmjs.org/lodash.includes/-/lodash.includes-4.3.0.tgz",
            "integrity": "sha512-W3Bx6mdkRTGtlJISOvVD/lbqjTlPPUDTMnlXZFnVwi9NKJ6tiAk6LVdlhZMm17VZisqhKcgzpO5Wz91PCt5b0w==",
            "license": "MIT"
        },
        "node_modules/lodash.isboolean": {
            "version": "3.0.3",
            "resolved": "https://registry.npmjs.org/lodash.isboolean/-/lodash.isboolean-3.0.3.tgz",
            "integrity": "sha512-Bz5mupy2SVbPHURB98VAcw+aHh4vRV5IPNhILUCsOzRmsTmSQ17jIuqopAentWoehktxGd9e/hbIXq980/1QJg==",
            "license": "MIT"
        },
        "node_modules/lodash.isinteger": {
            "version": "4.0.4",
            "resolved": "https://registry.npmjs.org/lodash.isinteger/-/lodash.isinteger-4.0.4.tgz",
            "integrity": "sha512-DBwtEWN2caHQ9/imiNeEA5ys1JoRtRfY3d7V9wkqtbycnAmTvRRmbHKDV4a0EYc678/dia0jrte4tjYwVBaZUA==",
            "license": "MIT"
        },
        "node_modules/lodash.isnumber": {
            "version": "3.0.3",
            "resolved": "https://registry.npmjs.org/lodash.isnumber/-/lodash.isnumber-3.0.3.tgz",
            "integrity": "sha512-QYqzpfwO3/CWf3XP+Z+tkQsfaLL/EnUlXWVkIk5FUPc4sBdTehEqZONuyRt2P67PXAk+NXmTBcc97zw9t1FQrw==",
            "license": "MIT"
        },
        "node_modules/lodash.isplainobject": {
            "version": "4.0.6",
            "resolved": "https://registry.npmjs.org/lodash.isplainobject/-/lodash.isplainobject-4.0.6.tgz",
            "integrity": "sha512-oSXzaWypCMHkPC3NvBEaPHf0KsA5mvPrOPgQWDsbg8n7orZ290M0BmC/jgRZ4vcJ6DTAhjrsSYgdsW/F+MFOBA==",
            "license": "MIT"
        },
        "node_modules/lodash.isstring": {
            "version": "4.0.1",
            "resolved": "https://registry.npmjs.org/lodash.isstring/-/lodash.isstring-4.0.1.tgz",
            "integrity": "sha512-0wJxfxH1wgO3GrbuP+dTTk7op+6L41QCXbGINEmD+ny/G/eCqGzxyCsh7159S+mgDDcoarnBw6PC1PS5+wUGgw==",
            "license": "MIT"
        },
        "node_modules/lodash.merge": {
            "version": "4.6.2",
            "resolved": "https://registry.npmjs.org/lodash.merge/-/lodash.merge-4.6.2.tgz",
            "integrity": "sha512-0KpjqXRVvrYyCsX1swR/XTK0va6VQkQM6MNo7PqW77ByjAhoARA8EfrP1N4+KlKj8YS0ZUCtRT/YUuhyYDujIQ==",
            "license": "MIT"
        },
        "node_modules/lodash.once": {
            "version": "4.1.1",
            "resolved": "https://registry.npmjs.org/lodash.once/-/lodash.once-4.1.1.tgz",
            "integrity": "sha512-Sb487aTOCr9drQVL8pIxOzVhafOjZN9UU54hiN8PU3uAiSV7lx1yYNpbNmex2PK6dSJoNTSJUUswT651yww3Mg==",
            "license": "MIT"
        },
        "node_modules/lodash.reduce": {
            "version": "4.6.0",
            "resolved": "https://registry.npmjs.org/lodash.reduce/-/lodash.reduce-4.6.0.tgz",
            "integrity": "sha512-6raRe2vxCYBhpBu+B+TtNGUzah+hQjVdu3E17wfusjyrXBka2nBS8OH/gjVZ5PvHOhWmIZTYri09Z6n/QfnNMw==",
            "license": "MIT"
        },
        "node_modules/macaddress": {
            "version": "0.5.3",
            "resolved": "https://registry.npmjs.org/macaddress/-/macaddress-0.5.3.tgz",
            "integrity": "sha512-vGBKTA+jwM4KgjGZ+S/8/Mkj9rWzePyGY6jManXPGhiWu63RYwW8dKPyk5koP+8qNVhPhHgFa1y/MJ4wrjsNrg==",
            "license": "MIT"
        },
        "node_modules/minecraft-data": {
            "version": "3.100.0",
            "resolved": "https://registry.npmjs.org/minecraft-data/-/minecraft-data-3.100.0.tgz",
            "integrity": "sha512-viEmZHxANjuvVg5e6VTxbEtvn2ku5EOP9SBt/LJAVaDhAhX8HeJY/zLhH31W/zFDNxC+S0J5pdkM+fPK+/gAJQ==",
            "license": "MIT"
        },
        "node_modules/minecraft-folder-path": {
            "version": "1.2.0",
            "resolved": "https://registry.npmjs.org/minecraft-folder-path/-/minecraft-folder-path-1.2.0.tgz",
            "integrity": "sha512-qaUSbKWoOsH9brn0JQuBhxNAzTDMwrOXorwuRxdJKKKDYvZhtml+6GVCUrY5HRiEsieBEjCUnhVpDuQiKsiFaw==",
            "license": "MIT"
        },
        "node_modules/minecraft-protocol": {
            "version": "1.62.0",
            "resolved": "https://registry.npmjs.org/minecraft-protocol/-/minecraft-protocol-1.62.0.tgz",
            "integrity": "sha512-+Rm7DdwgDiiq5ASXLNixs6TA7tsNn8zJAlhmOh0ccfuMYnlr/5+FliKacf87ZO6MPs5p/mJitIAwONbfqiX2+A==",
            "license": "BSD-3-Clause",
            "dependencies": {
                "@types/node-rsa": "^1.1.4",
                "@types/readable-stream": "^4.0.0",
                "aes-js": "^3.1.2",
                "buffer-equal": "^1.0.0",
                "debug": "^4.3.2",
                "endian-toggle": "^0.0.0",
                "lodash.merge": "^4.3.0",
                "minecraft-data": "^3.78.0",
                "minecraft-folder-path": "^1.2.0",
                "node-fetch": "^2.6.1",
                "node-rsa": "^0.4.2",
                "prismarine-auth": "^2.2.0",
                "prismarine-chat": "^1.10.0",
                "prismarine-nbt": "^2.5.0",
                "prismarine-realms": "^1.2.0",
                "protodef": "^1.17.0",
                "readable-stream": "^4.1.0",
                "uuid-1345": "^1.0.1",
                "yggdrasil": "^1.4.0"
            },
            "engines": {
                "node": ">=22"
            }
        },
        "node_modules/mineflayer": {
            "version": "4.33.0",
            "resolved": "https://registry.npmjs.org/mineflayer/-/mineflayer-4.33.0.tgz",
            "integrity": "sha512-tysUKVhUpEvHKDn8Awex/wz8WYyRGYrl6EujOVLJsGOU775AwKcapBVAS1BrP0UbM2di6MDwb74muGAFytY+TQ==",
            "license": "MIT",
            "dependencies": {
                "minecraft-data": "^3.98.0",
                "minecraft-protocol": "^1.61.0",
                "prismarine-biome": "^1.1.1",
                "prismarine-block": "^1.22.0",
                "prismarine-chat": "^1.7.1",
                "prismarine-chunk": "^1.39.0",
                "prismarine-entity": "^2.5.0",
                "prismarine-item": "^1.17.0",
                "prismarine-nbt": "^2.0.0",
                "prismarine-physics": "^1.9.0",
                "prismarine-recipe": "^1.3.0",
                "prismarine-registry": "^1.10.0",
                "prismarine-windows": "^2.9.0",
                "prismarine-world": "^3.6.0",
                "protodef": "^1.18.0",
                "typed-emitter": "^1.0.0",
                "vec3": "^0.1.7"
            },
            "engines": {
                "node": ">=22"
            }
        },
        "node_modules/mojangson": {
            "version": "2.0.4",
            "resolved": "https://registry.npmjs.org/mojangson/-/mojangson-2.0.4.tgz",
            "integrity": "sha512-HYmhgDjr1gzF7trGgvcC/huIg2L8FsVbi/KacRe6r1AswbboGVZDS47SOZlomPuMWvZLas8m9vuHHucdZMwTmQ==",
            "license": "MIT",
            "dependencies": {
                "nearley": "^2.19.5"
            }
        },
        "node_modules/moo": {
            "version": "0.5.2",
            "resolved": "https://registry.npmjs.org/moo/-/moo-0.5.2.tgz",
            "integrity": "sha512-iSAJLHYKnX41mKcJKjqvnAN9sf0LMDTXDEvFv+ffuRR9a1MIuXLjMNL6EsnDHSkKLTWNqQQ5uo61P4EbU4NU+Q==",
            "license": "BSD-3-Clause"
        },
        "node_modules/ms": {
            "version": "2.1.3",
            "resolved": "https://registry.npmjs.org/ms/-/ms-2.1.3.tgz",
            "integrity": "sha512-6FlzubTLZG3J2a/NVCAleEhjzq5oxgHyaCU9yYXvcLsvoVaHJq/s5xXI6/XXP6tz7R9xAOtHnSO/tXtF3WRTlA==",
            "license": "MIT"
        },
        "node_modules/nearley": {
            "version": "2.20.1",
            "resolved": "https://registry.npmjs.org/nearley/-/nearley-2.20.1.tgz",
            "integrity": "sha512-+Mc8UaAebFzgV+KpI5n7DasuuQCHA89dmwm7JXw3TV43ukfNQ9DnBH3Mdb2g/I4Fdxc26pwimBWvjIw0UAILSQ==",
            "license": "MIT",
            "dependencies": {
                "commander": "^2.19.0",
                "moo": "^0.5.0",
                "railroad-diagrams": "^1.0.0",
                "randexp": "0.4.6"
            },
            "bin": {
                "nearley-railroad": "bin/nearley-railroad.js",
                "nearley-test": "bin/nearley-test.js",
                "nearley-unparse": "bin/nearley-unparse.js",
                "nearleyc": "bin/nearleyc.js"
            },
            "funding": {
                "type": "individual",
                "url": "https://nearley.js.org/#give-to-nearley"
            }
        },
        "node_modules/node-fetch": {
            "version": "2.7.0",
            "resolved": "https://registry.npmjs.org/node-fetch/-/node-fetch-2.7.0.tgz",
            "integrity": "sha512-c4FRfUm/dbcWZ7U+1Wq0AwCyFL+3nt2bEw05wfxSz+DWpWsitgmSgYmy2dQdWyKC1694ELPqMs/YzUSNozLt8A==",
            "license": "MIT",
            "dependencies": {
                "whatwg-url": "^5.0.0"
            },
            "engines": {
                "node": "4.x || >=6.0.0"
            },
            "peerDependencies": {
                "encoding": "^0.1.0"
            },
            "peerDependenciesMeta": {
                "encoding": {
                    "optional": true
                }
            }
        },
        "node_modules/node-rsa": {
            "version": "0.4.2",
            "resolved": "https://registry.npmjs.org/node-rsa/-/node-rsa-0.4.2.tgz",
            "integrity": "sha512-Bvso6Zi9LY4otIZefYrscsUpo2mUpiAVIEmSZV2q41sP8tHZoert3Yu6zv4f/RXJqMNZQKCtnhDugIuCma23YA==",
            "license": "MIT",
            "dependencies": {
                "asn1": "0.2.3"
            }
        },
        "node_modules/prismarine-auth": {
            "version": "2.7.0",
            "resolved": "https://registry.npmjs.org/prismarine-auth/-/prismarine-auth-2.7.0.tgz",
            "integrity": "sha512-L8wTF6sdtnN6hViPNy+Nx39a8iQBwR5iO92AWCiym5cSXp/92pmnuwnTdcmNDWyqq6zY4hbibVGYhgLA1Ox8sQ==",
            "license": "MIT",
            "dependencies": {
                "@azure/msal-node": "^2.0.2",
                "@xboxreplay/xboxlive-auth": "^3.3.3",
                "debug": "^4.3.3",
                "smart-buffer": "^4.1.0",
                "uuid-1345": "^1.0.2"
            }
        },
        "node_modules/prismarine-biome": {
            "version": "1.3.0",
            "resolved": "https://registry.npmjs.org/prismarine-biome/-/prismarine-biome-1.3.0.tgz",
            "integrity": "sha512-GY6nZxq93mTErT7jD7jt8YS1aPrOakbJHh39seYsJFXvueIOdHAmW16kYQVrTVMW5MlWLQVxV/EquRwOgr4MnQ==",
            "license": "MIT",
            "peerDependencies": {
                "minecraft-data": "^3.0.0",
                "prismarine-registry": "^1.1.0"
            }
        },
        "node_modules/prismarine-block": {
            "version": "1.22.0",
            "resolved": "https://registry.npmjs.org/prismarine-block/-/prismarine-block-1.22.0.tgz",
            "integrity": "sha512-SKVTm+CHR5mY/d+delryqzB2hMH8HIPse8b0O51Ez2R5zPFtKVCLGk5NG71kCDKbMzhhev2iF0O4UC/fWDXhRw==",
            "license": "MIT",
            "dependencies": {
                "minecraft-data": "^3.38.0",
                "prismarine-biome": "^1.1.0",
                "prismarine-chat": "^1.5.0",
                "prismarine-item": "^1.10.1",
                "prismarine-nbt": "^2.0.0",
                "prismarine-registry": "^1.1.0"
            }
        },
        "node_modules/prismarine-chat": {
            "version": "1.12.0",
            "resolved": "https://registry.npmjs.org/prismarine-chat/-/prismarine-chat-1.12.0.tgz",
            "integrity": "sha512-+1QBUn4WGXbAGwoGwJy31/FvH6JtTBHh//yU0xwOiVnBO71+6Ij0hYMd9PzTTAwR9bySfl/YLltGPBftUAOYOA==",
            "license": "MIT",
            "dependencies": {
                "mojangson": "^2.0.1",
                "prismarine-nbt": "^2.0.0",
                "prismarine-registry": "^1.4.0"
            }
        },
        "node_modules/prismarine-chunk": {
            "version": "1.39.0",
            "resolved": "https://registry.npmjs.org/prismarine-chunk/-/prismarine-chunk-1.39.0.tgz",
            "integrity": "sha512-RJHACPV2T3ABGlj0+q/ZUDBLPcslWTIa12lWyE2jJb/svqpTBx8S/K6VjHxhyJ488L9ZWdEmOAr+CHMZJtwWHw==",
            "license": "MIT",
            "dependencies": {
                "prismarine-biome": "^1.2.0",
                "prismarine-block": "^1.14.1",
                "prismarine-nbt": "^2.2.1",
                "prismarine-registry": "^1.1.0",
                "smart-buffer": "^4.1.0",
                "uint4": "^0.1.2",
                "vec3": "^0.1.3",
                "xxhash-wasm": "^0.4.2"
            },
            "engines": {
                "node": ">=14"
            }
        },
        "node_modules/prismarine-entity": {
            "version": "2.5.0",
            "resolved": "https://registry.npmjs.org/prismarine-entity/-/prismarine-entity-2.5.0.tgz",
            "integrity": "sha512-nRPCawUwf9r3iKqi4I7mZRlir1Ix+DffWYdWq6p/KNnmiXve+xHE5zv8XCdhZlUmOshugHv5ONl9o6ORAkCNIA==",
            "license": "MIT",
            "dependencies": {
                "prismarine-chat": "^1.4.1",
                "prismarine-item": "^1.11.2",
                "prismarine-registry": "^1.4.0",
                "vec3": "^0.1.4"
            }
        },
        "node_modules/prismarine-item": {
            "version": "1.17.0",
            "resolved": "https://registry.npmjs.org/prismarine-item/-/prismarine-item-1.17.0.tgz",
            "integrity": "sha512-wN1OjP+f+Uvtjo3KzeCkVSy96CqZ8yG7cvuvlGwcYupQ6ct7LtNkubHp0AHuLMJ0vbbfAC0oZ2bWOgI1DYp8WA==",
            "license": "MIT",
            "dependencies": {
                "prismarine-nbt": "^2.0.0",
                "prismarine-registry": "^1.4.0"
            }
        },
        "node_modules/prismarine-nbt": {
            "version": "2.7.0",
            "resolved": "https://registry.npmjs.org/prismarine-nbt/-/prismarine-nbt-2.7.0.tgz",
            "integrity": "sha512-Du9OLQAcCj3y29YtewOJbbV4ARaSUEJiTguw0PPQbPBy83f+eCyDRkyBpnXTi/KPyEpgYCzsjGzElevLpFoYGQ==",
            "license": "MIT",
            "dependencies": {
                "protodef": "^1.18.0"
            }
        },
        "node_modules/prismarine-physics": {
            "version": "1.10.0",
            "resolved": "https://registry.npmjs.org/prismarine-physics/-/prismarine-physics-1.10.0.tgz",
            "integrity": "sha512-FE2xUSDhrdgjlJFtBPMTQt1FX3uG2YvKceRvoMmhcCni0MrS8365ZlbIcW06SB1sKIpoNQWanS5LuefynzwdXQ==",
            "license": "MIT",
            "dependencies": {
                "minecraft-data": "^3.0.0",
                "prismarine-nbt": "^2.0.0",
                "vec3": "^0.1.7"
            }
        },
        "node_modules/prismarine-realms": {
            "version": "1.3.2",
            "resolved": "https://registry.npmjs.org/prismarine-realms/-/prismarine-realms-1.3.2.tgz",
            "integrity": "sha512-5apl9Ru8veTj5q2OozRc4GZOuSIcs3yY4UEtALiLKHstBe8bRw8vNlaz4Zla3jsQ8yP/ul1b1IJINTRbocuA6g==",
            "license": "MIT",
            "dependencies": {
                "debug": "^4.3.3",
                "node-fetch": "^2.6.1"
            }
        },
        "node_modules/prismarine-recipe": {
            "version": "1.3.1",
            "resolved": "https://registry.npmjs.org/prismarine-recipe/-/prismarine-recipe-1.3.1.tgz",
            "integrity": "sha512-xfa9E9ACoaDi+YzNQ+nk8kWSIqt5vSZOOCHIT+dTXscf/dng2HaJ/59uwe1D/jvOkAd2OvM6RRJM6fFe0q/LDA==",
            "license": "MIT",
            "peerDependencies": {
                "prismarine-registry": "^1.4.0"
            }
        },
        "node_modules/prismarine-registry": {
            "version": "1.11.0",
            "resolved": "https://registry.npmjs.org/prismarine-registry/-/prismarine-registry-1.11.0.tgz",
            "integrity": "sha512-uTvWE+bILxYv4i5MrrlxPQ0KYWINv1DJ3P2570GLC8uCdByDiDLBFfVyk4BrqOZBlDBft9CnaJMeOsC1Ly1iXw==",
            "license": "MIT",
            "dependencies": {
                "minecraft-data": "^3.70.0",
                "prismarine-block": "^1.17.1",
                "prismarine-nbt": "^2.0.0"
            }
        },
        "node_modules/prismarine-windows": {
            "version": "2.9.0",
            "resolved": "https://registry.npmjs.org/prismarine-windows/-/prismarine-windows-2.9.0.tgz",
            "integrity": "sha512-fm4kOLjGFPov7TEJRmXHoiPabxIQrG36r2mDjlNxfkcLfMHFb3/1ML6mp4iRQa7wL0GK4DIAyiBqCWoeWDxARg==",
            "license": "MIT",
            "dependencies": {
                "prismarine-item": "^1.12.2",
                "prismarine-registry": "^1.7.0",
                "typed-emitter": "^2.1.0"
            }
        },
        "node_modules/prismarine-windows/node_modules/typed-emitter": {
            "version": "2.1.0",
            "resolved": "https://registry.npmjs.org/typed-emitter/-/typed-emitter-2.1.0.tgz",
            "integrity": "sha512-g/KzbYKbH5C2vPkaXGu8DJlHrGKHLsM25Zg9WuC9pMGfuvT+X25tZQWo5fK1BjBm8+UrVE9LDCvaY0CQk+fXDA==",
            "license": "MIT",
            "optionalDependencies": {
                "rxjs": "*"
            }
        },
        "node_modules/prismarine-world": {
            "version": "3.6.3",
            "resolved": "https://registry.npmjs.org/prismarine-world/-/prismarine-world-3.6.3.tgz",
            "integrity": "sha512-zqdqPEYCDHzqi6hglJldEO63bOROXpbZeIdxBmoQq7o04Lf81t016LU6stFHo3E+bmp5+xU74eDFdOvzYNABkA==",
            "license": "MIT",
            "dependencies": {
                "vec3": "^0.1.7"
            },
            "engines": {
                "node": ">=8.0.0"
            }
        },
        "node_modules/process": {
            "version": "0.11.10",
            "resolved": "https://registry.npmjs.org/process/-/process-0.11.10.tgz",
            "integrity": "sha512-cdGef/drWFoydD1JsMzuFf8100nZl+GT+yacc2bEced5f9Rjk4z+WtFUTBu9PhOi9j/jfmBPu0mMEY4wIdAF8A==",
            "license": "MIT",
            "engines": {
                "node": ">= 0.6.0"
            }
        },
        "node_modules/protodef": {
            "version": "1.19.0",
            "resolved": "https://registry.npmjs.org/protodef/-/protodef-1.19.0.tgz",
            "integrity": "sha512-94f3GR7pk4Qi5YVLaLvWBfTGUIzzO8hyo7vFVICQuu5f5nwKtgGDaeC1uXIu49s5to/49QQhEYeL0aigu1jEGA==",
            "license": "MIT",
            "dependencies": {
                "lodash.reduce": "^4.6.0",
                "protodef-validator": "^1.3.0",
                "readable-stream": "^4.4.0"
            },
            "engines": {
                "node": ">=14"
            }
        },
        "node_modules/protodef-validator": {
            "version": "1.4.0",
            "resolved": "https://registry.npmjs.org/protodef-validator/-/protodef-validator-1.4.0.tgz",
            "integrity": "sha512-2y2coBolqCEuk5Kc3QwO7ThR+/7TZiOit4FrpAgl+vFMvq8w76nDhh09z08e2NQOdrgPLsN2yzXsvRvtADgUZQ==",
            "license": "MIT",
            "dependencies": {
                "ajv": "^6.5.4"
            },
            "bin": {
                "protodef-validator": "cli.js"
            }
        },
        "node_modules/punycode": {
            "version": "2.3.1",
            "resolved": "https://registry.npmjs.org/punycode/-/punycode-2.3.1.tgz",
            "integrity": "sha512-vYt7UD1U9Wg6138shLtLOvdAu+8DsC/ilFtEVHcH+wydcSpNE20AfSOduf6MkRFahL5FY7X1oU7nKVZFtfq8Fg==",
            "license": "MIT",
            "engines": {
                "node": ">=6"
            }
        },
        "node_modules/railroad-diagrams": {
            "version": "1.0.0",
            "resolved": "https://registry.npmjs.org/railroad-diagrams/-/railroad-diagrams-1.0.0.tgz",
            "integrity": "sha512-cz93DjNeLY0idrCNOH6PviZGRN9GJhsdm9hpn1YCS879fj4W+x5IFJhhkRZcwVgMmFF7R82UA/7Oh+R8lLZg6A==",
            "license": "CC0-1.0"
        },
        "node_modules/randexp": {
            "version": "0.4.6",
            "resolved": "https://registry.npmjs.org/randexp/-/randexp-0.4.6.tgz",
            "integrity": "sha512-80WNmd9DA0tmZrw9qQa62GPPWfuXJknrmVmLcxvq4uZBdYqb1wYoKTmnlGUchvVWe0XiLupYkBoXVOxz3C8DYQ==",
            "license": "MIT",
            "dependencies": {
                "discontinuous-range": "1.0.0",
                "ret": "~0.1.10"
            },
            "engines": {
                "node": ">=0.12"
            }
        },
        "node_modules/rcon-client": {
            "version": "4.2.5",
            "resolved": "https://registry.npmjs.org/rcon-client/-/rcon-client-4.2.5.tgz",
            "integrity": "sha512-AnX1GU/ZTlwtYup3H6h0J1hwfP3OYltXVe+8ReBzmNEepX3xGH8nDg7gYqT5Y9rpAS/LmQ48h0BKINt1YGd8bA==",
            "license": "MIT",
            "dependencies": {
                "typed-emitter": "^0.1.0"
            }
        },
        "node_modules/rcon-client/node_modules/typed-emitter": {
            "version": "0.1.0",
            "resolved": "https://registry.npmjs.org/typed-emitter/-/typed-emitter-0.1.0.tgz",
            "integrity": "sha512-Tfay0l6gJMP5rkil8CzGbLthukn+9BN/VXWcABVFPjOoelJ+koW8BuPZYk+h/L+lEeIp1fSzVRiWRPIjKVjPdg==",
            "license": "MIT"
        },
        "node_modules/readable-stream": {
            "version": "4.7.0",
            "resolved": "https://registry.npmjs.org/readable-stream/-/readable-stream-4.7.0.tgz",
            "integrity": "sha512-oIGGmcpTLwPga8Bn6/Z75SVaH1z5dUut2ibSyAMVhmUggWpmDn2dapB0n7f8nwaSiRtepAsfJyfXIO5DCVAODg==",
            "license": "MIT",
            "dependencies": {
                "abort-controller": "^3.0.0",
                "buffer": "^6.0.3",
                "events": "^3.3.0",
                "process": "^0.11.10",
                "string_decoder": "^1.3.0"
            },
            "engines": {
                "node": "^12.22.0 || ^14.17.0 || >=16.0.0"
            }
        },
        "node_modules/ret": {
            "version": "0.1.15",
            "resolved": "https://registry.npmjs.org/ret/-/ret-0.1.15.tgz",
            "integrity": "sha512-TTlYpa+OL+vMMNG24xSlQGEJ3B/RzEfUlLct7b5G/ytav+wPrplCpVMFuwzXbkecJrb6IYo1iFb0S9v37754mg==",
            "license": "MIT",
            "engines": {
                "node": ">=0.12"
            }
        },
        "node_modules/rxjs": {
            "version": "7.8.2",
            "resolved": "https://registry.npmjs.org/rxjs/-/rxjs-7.8.2.tgz",
            "integrity": "sha512-dhKf903U/PQZY6boNNtAGdWbG85WAbjT/1xYoZIC7FAY0yWapOBQVsVrDl58W86//e1VpMNBtRV4MaXfdMySFA==",
            "license": "Apache-2.0",
            "optional": true,
            "dependencies": {
                "tslib": "^2.1.0"
            }
        },
        "node_modules/safe-buffer": {
            "version": "5.2.1",
            "resolved": "https://registry.npmjs.org/safe-buffer/-/safe-buffer-5.2.1.tgz",
            "integrity": "sha512-rp3So07KcdmmKbGvgaNxQSJr7bGVSVk5S9Eq1F+ppbRo70+YeaDxkw5Dd8NPN+GD6bjnYm2VuPuCXmpuYvmCXQ==",
            "funding": [
                {
                    "type": "github",
                    "url": "https://github.com/sponsors/feross"
                },
                {
                    "type": "patreon",
                    "url": "https://www.patreon.com/feross"
                },
                {
                    "type": "consulting",
                    "url": "https://feross.org/support"
                }
            ],
            "license": "MIT"
        },
        "node_modules/semver": {
            "version": "7.7.3",
            "resolved": "https://registry.npmjs.org/semver/-/semver-7.7.3.tgz",
            "integrity": "sha512-SdsKMrI9TdgjdweUSR9MweHA4EJ8YxHn8DFaDisvhVlUOe4BF1tLD7GAj0lIqWVl+dPb/rExr0Btby5loQm20Q==",
            "license": "ISC",
            "bin": {
                "semver": "bin/semver.js"
            },
            "engines": {
                "node": ">=10"
            }
        },
        "node_modules/smart-buffer": {
            "version": "4.2.0",
            "resolved": "https://registry.npmjs.org/smart-buffer/-/smart-buffer-4.2.0.tgz",
            "integrity": "sha512-94hK0Hh8rPqQl2xXc3HsaBoOXKV20MToPkcXvwbISWLEs+64sBq5kFgn2kJDHb1Pry9yrP0dxrCI9RRci7RXKg==",
            "license": "MIT",
            "engines": {
                "node": ">= 6.0.0",
                "npm": ">= 3.0.0"
            }
        },
        "node_modules/string_decoder": {
            "version": "1.3.0",
            "resolved": "https://registry.npmjs.org/string_decoder/-/string_decoder-1.3.0.tgz",
            "integrity": "sha512-hkRX8U1WjJFd8LsDJ2yQ/wWWxaopEsABU1XfkM8A+j0+85JAGppt16cr1Whg6KIbb4okU6Mql6BOj+uup/wKeA==",
            "license": "MIT",
            "dependencies": {
                "safe-buffer": "~5.2.0"
            }
        },
        "node_modules/tr46": {
            "version": "0.0.3",
            "resolved": "https://registry.npmjs.org/tr46/-/tr46-0.0.3.tgz",
            "integrity": "sha512-N3WMsuqV66lT30CrXNbEjx4GEwlow3v6rr4mCcv6prnfwhS01rkgyFdjPNBYd9br7LpXV1+Emh01fHnq2Gdgrw==",
            "license": "MIT"
        },
        "node_modules/tslib": {
            "version": "2.8.1",
            "resolved": "https://registry.npmjs.org/tslib/-/tslib-2.8.1.tgz",
            "integrity": "sha512-oJFu94HQb+KVduSUQL7wnpmqnfmLsOA/nAh6b6EH0wCEoK0/mPeXU6c3wKDV83MkOuHPRHtSXKKU99IBazS/2w==",
            "license": "0BSD",
            "optional": true
        },
        "node_modules/typed-emitter": {
            "version": "1.4.0",
            "resolved": "https://registry.npmjs.org/typed-emitter/-/typed-emitter-1.4.0.tgz",
            "integrity": "sha512-weBmoo3HhpKGgLBOYwe8EB31CzDFuaK7CCL+axXhUYhn4jo6DSkHnbefboCF5i4DQ2aMFe0C/FdTWcPdObgHyg==",
            "license": "MIT"
        },
        "node_modules/uint4": {
            "version": "0.1.2",
            "resolved": "https://registry.npmjs.org/uint4/-/uint4-0.1.2.tgz",
            "integrity": "sha512-lhEx78gdTwFWG+mt6cWAZD/R6qrIj0TTBeH5xwyuDJyswLNlGe+KVlUPQ6+mx5Ld332pS0AMUTo9hIly7YsWxQ==",
            "license": "MIT"
        },
        "node_modules/undici-types": {
            "version": "7.16.0",
            "resolved": "https://registry.npmjs.org/undici-types/-/undici-types-7.16.0.tgz",
            "integrity": "sha512-Zz+aZWSj8LE6zoxD+xrjh4VfkIG8Ya6LvYkZqtUQGJPZjYl53ypCaUwWqo7eI0x66KBGeRo+mlBEkMSeSZ38Nw==",
            "license": "MIT"
        },
        "node_modules/uri-js": {
            "version": "4.4.1",
            "resolved": "https://registry.npmjs.org/uri-js/-/uri-js-4.4.1.tgz",
            "integrity": "sha512-7rKUyy33Q1yc98pQ1DAmLtwX109F7TIfWlW1Ydo8Wl1ii1SeHieeh0HHfPeL2fMXK6z0s8ecKs9frCuLJvndBg==",
            "license": "BSD-2-Clause",
            "dependencies": {
                "punycode": "^2.1.0"
            }
        },
        "node_modules/uuid": {
            "version": "8.3.2",
            "resolved": "https://registry.npmjs.org/uuid/-/uuid-8.3.2.tgz",
            "integrity": "sha512-+NYs2QeMWy+GWFOEm9xnn6HCDp0l7QBD7ml8zLUmJ+93Q5NF0NocErnwkTkXVFNiX3/fpC6afS8Dhb/gz7R7eg==",
            "license": "MIT",
            "bin": {
                "uuid": "dist/bin/uuid"
            }
        },
        "node_modules/uuid-1345": {
            "version": "1.0.2",
            "resolved": "https://registry.npmjs.org/uuid-1345/-/uuid-1345-1.0.2.tgz",
            "integrity": "sha512-bA5zYZui+3nwAc0s3VdGQGBfbVsJLVX7Np7ch2aqcEWFi5lsAEcmO3+lx3djM1npgpZI8KY2FITZ2uYTnYUYyw==",
            "license": "MIT",
            "dependencies": {
                "macaddress": "^0.5.1"
            }
        },
        "node_modules/vec3": {
            "version": "0.1.10",
            "resolved": "https://registry.npmjs.org/vec3/-/vec3-0.1.10.tgz",
            "integrity": "sha512-Sr1U3mYtMqCOonGd3LAN9iqy0qF6C+Gjil92awyK/i2OwiUo9bm7PnLgFpafymun50mOjnDcg4ToTgRssrlTcw==",
            "license": "BSD"
        },
        "node_modules/webidl-conversions": {
            "version": "3.0.1",
            "resolved": "https://registry.npmjs.org/webidl-conversions/-/webidl-conversions-3.0.1.tgz",
            "integrity": "sha512-2JAn3z8AR6rjK8Sm8orRC0h/bcl/DqL7tRPdGZ4I1CjdF+EaMLmYxBHyXuKL849eucPFhvBoxMsflfOb8kxaeQ==",
            "license": "BSD-2-Clause"
        },
        "node_modules/whatwg-url": {
            "version": "5.0.0",
            "resolved": "https://registry.npmjs.org/whatwg-url/-/whatwg-url-5.0.0.tgz",
            "integrity": "sha512-saE57nupxk6v3HY35+jzBwYa0rKSy0XR8JSxZPwgLr7ys0IBzhGviA1/TUGJLmSVqs8pb9AnvICXEuOHLprYTw==",
            "license": "MIT",
            "dependencies": {
                "tr46": "~0.0.3",
                "webidl-conversions": "^3.0.0"
            }
        },
        "node_modules/xxhash-wasm": {
            "version": "0.4.2",
            "resolved": "https://registry.npmjs.org/xxhash-wasm/-/xxhash-wasm-0.4.2.tgz",
            "integrity": "sha512-/eyHVRJQCirEkSZ1agRSCwriMhwlyUcFkXD5TPVSLP+IPzjsqMVzZwdoczLp1SoQU0R3dxz1RpIK+4YNQbCVOA==",
            "license": "MIT"
        },
        "node_modules/yggdrasil": {
            "version": "1.7.0",
            "resolved": "https://registry.npmjs.org/yggdrasil/-/yggdrasil-1.7.0.tgz",
            "integrity": "sha512-QBIo5fiNd7688G3FqXXYGr36uyrYzczlNuzpWFy2zL3+R+3KT2lF+wFxm51synfA3l3z6IBiGOc1/EVXWCYY1Q==",
            "license": "MIT",
            "dependencies": {
                "node-fetch": "^2.6.1",
                "uuid": "^8.2.0"
            }
        }
    }
}
